
Microsoft Visual Studio Solution File, Format Version 12.00
# Visual Studio Version 17
VisualStudioVersion = 17.0.32014.148
MinimumVisualStudioVersion = 10.0.40219.1
Project("{8BC9CEB8-8B4A-11D0-8D11-00A0C91BC942}") = "Cpp_DataStructureAndAlgorithm", "Cpp_DataStructureAndAlgorithm\Cpp_DataStructureAndAlgorithm.vcxproj", "{5350D019-0BC2-4DDB-83AC-5DDBDCBDFA81}"
EndProject
Global
	GlobalSection(SolutionConfigurationPlatforms) = preSolution
		Debug|x64 = Debug|x64
		Debug|x86 = Debug|x86
		Release|x64 = Release|x64
		Release|x86 = Release|x86
	EndGlobalSection
	GlobalSection(ProjectConfigurationPlatforms) = postSolution
		{5350D019-0BC2-4DDB-83AC-5DDBDCBDFA81}.Debug|x64.ActiveCfg = Debug|x64
		{5350D019-0BC2-4DDB-83AC-5DDBDCBDFA81}.Debug|x64.Build.0 = Debug|x64
		{5350D019-0BC2-4DDB-83AC-5DDBDCBDFA81}.Debug|x86.ActiveCfg = Debug|Win32
		{5350D019-0BC2-4DDB-83AC-5DDBDCBDFA81}.Debug|x86.Build.0 = Debug|Win32
		{5350D019-0BC2-4DDB-83AC-5DDBDCBDFA81}.Release|x64.ActiveCfg = Release|x64
		{5350D019-0BC2-4DDB-83AC-5DDBDCBDFA81}.Release|x64.Build.0 = Release|x64
		{5350D019-0BC2-4DDB-83AC-5DDBDCBDFA81}.Release|x86.ActiveCfg = Release|Win32
		{5350D019-0BC2-4DDB-83AC-5DDBDCBDFA81}.Release|x86.Build.0 = Release|Win32
	EndGlobalSection
	GlobalSection(SolutionProperties) = preSolution
		HideSolutionNode = FALSE
	EndGlobalSection
	GlobalSection(ExtensibilityGlobals) = postSolution
		SolutionGuid = {E7034383-6770-46FB-AD63-9EA8B75ADDE1}
	EndGlobalSection
EndGlobal
